
Microsoft Visual Studio Solution File, Format Version 12.00
# Visual Studio 14
VisualStudioVersion = 14.0.25420.1
MinimumVisualStudioVersion = 10.0.40219.1
Project("{FAE04EC0-301F-11D3-BF4B-00C04F79EFBC}") = "GUI", "SpotOsu\GUI.csproj", "{DCCC9CA5-0DA6-4F4D-AF31-A422A413C255}"
EndProject
Project("{FAE04EC0-301F-11D3-BF4B-00C04F79EFBC}") = "Logic", "Logic\Logic.csproj", "{724594BC-A31C-4C8F-9948-54BF3100C6BD}"
EndProject
Project("{FAE04EC0-301F-11D3-BF4B-00C04F79EFBC}") = "osu-database-reader", "osu-database-reader-master\osu-database-reader\osu-database-reader.csproj", "{C3078606-8055-4122-845D-7F9A0154883D}"
EndProject
Global
	GlobalSection(SolutionConfigurationPlatforms) = preSolution
		Debug|Any CPU = Debug|Any CPU
		Release|Any CPU = Release|Any CPU
	EndGlobalSection
	GlobalSection(ProjectConfigurationPlatforms) = postSolution
		{DCCC9CA5-0DA6-4F4D-AF31-A422A413C255}.Debug|Any CPU.ActiveCfg = Debug|Any CPU
		{DCCC9CA5-0DA6-4F4D-AF31-A422A413C255}.Debug|Any CPU.Build.0 = Debug|Any CPU
		{DCCC9CA5-0DA6-4F4D-AF31-A422A413C255}.Release|Any CPU.ActiveCfg = Release|Any CPU
		{DCCC9CA5-0DA6-4F4D-AF31-A422A413C255}.Release|Any CPU.Build.0 = Release|Any CPU
		{724594BC-A31C-4C8F-9948-54BF3100C6BD}.Debug|Any CPU.ActiveCfg = Debug|Any CPU
		{724594BC-A31C-4C8F-9948-54BF3100C6BD}.Debug|Any CPU.Build.0 = Debug|Any CPU
		{724594BC-A31C-4C8F-9948-54BF3100C6BD}.Release|Any CPU.ActiveCfg = Release|Any CPU
		{724594BC-A31C-4C8F-9948-54BF3100C6BD}.Release|Any CPU.Build.0 = Release|Any CPU
		{C3078606-8055-4122-845D-7F9A0154883D}.Debug|Any CPU.ActiveCfg = Debug|Any CPU
		{C3078606-8055-4122-845D-7F9A0154883D}.Debug|Any CPU.Build.0 = Debug|Any CPU
		{C3078606-8055-4122-845D-7F9A0154883D}.Release|Any CPU.ActiveCfg = Release|Any CPU
		{C3078606-8055-4122-845D-7F9A0154883D}.Release|Any CPU.Build.0 = Release|Any CPU
	EndGlobalSection
	GlobalSection(SolutionProperties) = preSolution
		HideSolutionNode = FALSE
	EndGlobalSection
EndGlobal
